
Microsoft Visual Studio Solution File, Format Version 12.00
# Visual Studio Version 17
VisualStudioVersion = 17.11.35222.181
MinimumVisualStudioVersion = 10.0.40219.1
Project("{FAE04EC0-301F-11D3-BF4B-00C04F79EFBC}") = "DataValidApp", "DataValidApp\DataValidApp.csproj", "{3C215C74-CCF8-4331-A03F-ACA69A14F80B}"
EndProject
Global
	GlobalSection(SolutionConfigurationPlatforms) = preSolution
		Debug|Any CPU = Debug|Any CPU
		Release|Any CPU = Release|Any CPU
	EndGlobalSection
	GlobalSection(ProjectConfigurationPlatforms) = postSolution
		{3C215C74-CCF8-4331-A03F-ACA69A14F80B}.Debug|Any CPU.ActiveCfg = Debug|Any CPU
		{3C215C74-CCF8-4331-A03F-ACA69A14F80B}.Debug|Any CPU.Build.0 = Debug|Any CPU
		{3C215C74-CCF8-4331-A03F-ACA69A14F80B}.Release|Any CPU.ActiveCfg = Release|Any CPU
		{3C215C74-CCF8-4331-A03F-ACA69A14F80B}.Release|Any CPU.Build.0 = Release|Any CPU
	EndGlobalSection
	GlobalSection(SolutionProperties) = preSolution
		HideSolutionNode = FALSE
	EndGlobalSection
	GlobalSection(ExtensibilityGlobals) = postSolution
		SolutionGuid = {DC7E7CCC-AFFC-4214-8C0F-820657D6F74D}
	EndGlobalSection
EndGlobal
